
Microsoft Visual Studio Solution File, Format Version 12.00
# Visual Studio Version 16
VisualStudioVersion = 16.0.31515.178
MinimumVisualStudioVersion = 10.0.40219.1
Project("{8BC9CEB8-8B4A-11D0-8D11-00A0C91BC942}") = "warmingup program 3", "warmingup program 3\warmingup program 3.vcxproj", "{83CC134D-96BB-4D87-A9C3-04C2475A63B6}"
EndProject
Global
	GlobalSection(SolutionConfigurationPlatforms) = preSolution
		Debug|x64 = Debug|x64
		Debug|x86 = Debug|x86
		Release|x64 = Release|x64
		Release|x86 = Release|x86
	EndGlobalSection
	GlobalSection(ProjectConfigurationPlatforms) = postSolution
		{83CC134D-96BB-4D87-A9C3-04C2475A63B6}.Debug|x64.ActiveCfg = Debug|x64
		{83CC134D-96BB-4D87-A9C3-04C2475A63B6}.Debug|x64.Build.0 = Debug|x64
		{83CC134D-96BB-4D87-A9C3-04C2475A63B6}.Debug|x86.ActiveCfg = Debug|Win32
		{83CC134D-96BB-4D87-A9C3-04C2475A63B6}.Debug|x86.Build.0 = Debug|Win32
		{83CC134D-96BB-4D87-A9C3-04C2475A63B6}.Release|x64.ActiveCfg = Release|x64
		{83CC134D-96BB-4D87-A9C3-04C2475A63B6}.Release|x64.Build.0 = Release|x64
		{83CC134D-96BB-4D87-A9C3-04C2475A63B6}.Release|x86.ActiveCfg = Release|Win32
		{83CC134D-96BB-4D87-A9C3-04C2475A63B6}.Release|x86.Build.0 = Release|Win32
	EndGlobalSection
	GlobalSection(SolutionProperties) = preSolution
		HideSolutionNode = FALSE
	EndGlobalSection
	GlobalSection(ExtensibilityGlobals) = postSolution
		SolutionGuid = {F29537E2-C395-4DAC-86D8-0B53343FF90B}
	EndGlobalSection
EndGlobal
