
Microsoft Visual Studio Solution File, Format Version 12.00
# Visual Studio Version 16
VisualStudioVersion = 16.0.31515.178
MinimumVisualStudioVersion = 10.0.40219.1
Project("{8BC9CEB8-8B4A-11D0-8D11-00A0C91BC942}") = "practice 12", "practice 12\practice 12.vcxproj", "{F6CBECF7-61EB-429A-AF3A-366F292F6DEB}"
EndProject
Global
	GlobalSection(SolutionConfigurationPlatforms) = preSolution
		Debug|x64 = Debug|x64
		Debug|x86 = Debug|x86
		Release|x64 = Release|x64
		Release|x86 = Release|x86
	EndGlobalSection
	GlobalSection(ProjectConfigurationPlatforms) = postSolution
		{F6CBECF7-61EB-429A-AF3A-366F292F6DEB}.Debug|x64.ActiveCfg = Debug|x64
		{F6CBECF7-61EB-429A-AF3A-366F292F6DEB}.Debug|x64.Build.0 = Debug|x64
		{F6CBECF7-61EB-429A-AF3A-366F292F6DEB}.Debug|x86.ActiveCfg = Debug|Win32
		{F6CBECF7-61EB-429A-AF3A-366F292F6DEB}.Debug|x86.Build.0 = Debug|Win32
		{F6CBECF7-61EB-429A-AF3A-366F292F6DEB}.Release|x64.ActiveCfg = Release|x64
		{F6CBECF7-61EB-429A-AF3A-366F292F6DEB}.Release|x64.Build.0 = Release|x64
		{F6CBECF7-61EB-429A-AF3A-366F292F6DEB}.Release|x86.ActiveCfg = Release|Win32
		{F6CBECF7-61EB-429A-AF3A-366F292F6DEB}.Release|x86.Build.0 = Release|Win32
	EndGlobalSection
	GlobalSection(SolutionProperties) = preSolution
		HideSolutionNode = FALSE
	EndGlobalSection
	GlobalSection(ExtensibilityGlobals) = postSolution
		SolutionGuid = {201943D6-1E94-4896-B219-96DB1B28056D}
	EndGlobalSection
EndGlobal
