<?xml version="1.0" encoding="utf-8"?>
<Project ToolsVersion="4.0" xmlns="http://schemas.microsoft.com/developer/msbuild/2003">
  <ItemGroup>
    <Filter Include="소스 파일">
      <UniqueIdentifier>{4FC737F1-C7A5-4376-A066-2A32D752A2FF}</UniqueIdentifier>
      <Extensions>cpp;c;cc;cxx;c++;cppm;ixx;def;odl;idl;hpj;bat;asm;asmx</Extensions>
    </Filter>
    <Filter Include="헤더 파일">
      <UniqueIdentifier>{93995380-89BD-4b04-88EB-625FBE52EBFB}</UniqueIdentifier>
      <Extensions>h;hh;hpp;hxx;h++;hm;inl;inc;ipp;xsd</Extensions>
    </Filter>
    <Filter Include="리소스 파일">
      <UniqueIdentifier>{67DA6AB6-F800-4c08-8B7A-83BB121AAD01}</UniqueIdentifier>
      <Extensions>rc;ico;cur;bmp;dlg;rc2;rct;bin;rgs;gif;jpg;jpeg;jpe;resx;tiff;tif;png;wav;mfcribbon-ms</Extensions>
    </Filter>
    <Filter Include="소스 파일\Object">
      <UniqueIdentifier>{62426d73-52d0-4a4c-89d8-5124ec81fb2b}</UniqueIdentifier>
    </Filter>
    <Filter Include="소스 파일\Shader">
      <UniqueIdentifier>{bc829070-f12e-4f14-b475-2e4c465a5f0c}</UniqueIdentifier>
    </Filter>
    <Filter Include="헤더 파일\Shader">
      <UniqueIdentifier>{8487d84e-1b7d-4874-8e6a-6a6a01346531}</UniqueIdentifier>
    </Filter>
    <Filter Include="헤더 파일\Object">
      <UniqueIdentifier>{aeb84308-c93e-45ce-8a07-e04c0d263b8f}</UniqueIdentifier>
    </Filter>
  </ItemGroup>
  <ItemGroup>
    <ClCompile Include="main.cpp">
      <Filter>소스 파일</Filter>
    </ClCompile>
    <ClCompile Include="Field.cpp">
      <Filter>소스 파일\Object</Filter>
    </ClCompile>
    <ClCompile Include="make_fragmentShaders.cpp">
      <Filter>소스 파일\Shader</Filter>
    </ClCompile>
    <ClCompile Include="make_shaderProgram.cpp">
      <Filter>소스 파일\Shader</Filter>
    </ClCompile>
    <ClCompile Include="make_vertexShaders.cpp">
      <Filter>소스 파일\Shader</Filter>
    </ClCompile>
    <ClCompile Include="filetobuf.cpp">
      <Filter>소스 파일\Shader</Filter>
    </ClCompile>
    <ClCompile Include="Hexahedron.cpp">
      <Filter>소스 파일\Object</Filter>
    </ClCompile>
    <ClCompile Include="eraser_bottom.cpp">
      <Filter>소스 파일\Object</Filter>
    </ClCompile>
    <ClCompile Include="eraser_top.cpp">
      <Filter>소스 파일\Object</Filter>
    </ClCompile>
  </ItemGroup>
  <ItemGroup>
    <ClInclude Include="stdafx.h">
      <Filter>헤더 파일</Filter>
    </ClInclude>
    <ClInclude Include="filetobuf.h">
      <Filter>헤더 파일\Shader</Filter>
    </ClInclude>
    <ClInclude Include="make_fragmentShaders.h">
      <Filter>헤더 파일\Shader</Filter>
    </ClInclude>
    <ClInclude Include="make_shaderProgram.h">
      <Filter>헤더 파일\Shader</Filter>
    </ClInclude>
    <ClInclude Include="make_vertexShaders.h">
      <Filter>헤더 파일\Shader</Filter>
    </ClInclude>
    <ClInclude Include="Field.h">
      <Filter>헤더 파일\Object</Filter>
    </ClInclude>
    <ClInclude Include="Hexahedron.h">
      <Filter>헤더 파일\Object</Filter>
    </ClInclude>
    <ClInclude Include="eraser_bottom.h">
      <Filter>헤더 파일\Object</Filter>
    </ClInclude>
    <ClInclude Include="eraser_top.h">
      <Filter>헤더 파일\Object</Filter>
    </ClInclude>
  </ItemGroup>
  <ItemGroup>
    <None Include="fragment.glsl">
      <Filter>소스 파일\Shader</Filter>
    </None>
    <None Include="vertex.glsl">
      <Filter>소스 파일\Shader</Filter>
    </None>
  </ItemGroup>
  <ItemGroup>
    <Text Include="readme.txt">
      <Filter>헤더 파일</Filter>
    </Text>
  </ItemGroup>
</Project>